
Microsoft Visual Studio Solution File, Format Version 12.00
# Visual Studio Version 16
VisualStudioVersion = 16.0.31911.196
MinimumVisualStudioVersion = 10.0.40219.1
Project("{FAE04EC0-301F-11D3-BF4B-00C04F79EFBC}") = "P01_HospitalDatabase", "P01_HospitalDatabase\P01_HospitalDatabase.csproj", "{9A936DB5-699D-489B-A6EB-B03E0CA4A410}"
EndProject
Project("{FAE04EC0-301F-11D3-BF4B-00C04F79EFBC}") = "P03_SalesDatabase", "P03_SalesDatabase\P03_SalesDatabase.csproj", "{696DC48F-CB50-4DCC-B78B-B2D77085CA05}"
EndProject
Global
	GlobalSection(SolutionConfigurationPlatforms) = preSolution
		Debug|Any CPU = Debug|Any CPU
		Release|Any CPU = Release|Any CPU
	EndGlobalSection
	GlobalSection(ProjectConfigurationPlatforms) = postSolution
		{9A936DB5-699D-489B-A6EB-B03E0CA4A410}.Debug|Any CPU.ActiveCfg = Debug|Any CPU
		{9A936DB5-699D-489B-A6EB-B03E0CA4A410}.Debug|Any CPU.Build.0 = Debug|Any CPU
		{9A936DB5-699D-489B-A6EB-B03E0CA4A410}.Release|Any CPU.ActiveCfg = Release|Any CPU
		{9A936DB5-699D-489B-A6EB-B03E0CA4A410}.Release|Any CPU.Build.0 = Release|Any CPU
		{696DC48F-CB50-4DCC-B78B-B2D77085CA05}.Debug|Any CPU.ActiveCfg = Debug|Any CPU
		{696DC48F-CB50-4DCC-B78B-B2D77085CA05}.Debug|Any CPU.Build.0 = Debug|Any CPU
		{696DC48F-CB50-4DCC-B78B-B2D77085CA05}.Release|Any CPU.ActiveCfg = Release|Any CPU
		{696DC48F-CB50-4DCC-B78B-B2D77085CA05}.Release|Any CPU.Build.0 = Release|Any CPU
	EndGlobalSection
	GlobalSection(SolutionProperties) = preSolution
		HideSolutionNode = FALSE
	EndGlobalSection
	GlobalSection(ExtensibilityGlobals) = postSolution
		SolutionGuid = {D47A7A74-CF34-460D-8F4E-334A09BBC54A}
	EndGlobalSection
EndGlobal
